
Microsoft Visual Studio Solution File, Format Version 12.00
# Visual Studio Version 17
VisualStudioVersion = 17.7.34009.444
MinimumVisualStudioVersion = 10.0.40219.1
Project("{FAE04EC0-301F-11D3-BF4B-00C04F79EFBC}") = "P_EmpireRomainContre-Attaque_SIAM_MYCA_WinForm", "P_EmpireRomainContre-Attaque_SIAM_MYCA_WinForm\P_EmpireRomainContre-Attaque_SIAM_MYCA_WinForm.csproj", "{4C63AB16-D920-4112-B047-77EED3F5B508}"
EndProject
Global
	GlobalSection(SolutionConfigurationPlatforms) = preSolution
		Debug|Any CPU = Debug|Any CPU
		Release|Any CPU = Release|Any CPU
	EndGlobalSection
	GlobalSection(ProjectConfigurationPlatforms) = postSolution
		{4C63AB16-D920-4112-B047-77EED3F5B508}.Debug|Any CPU.ActiveCfg = Debug|Any CPU
		{4C63AB16-D920-4112-B047-77EED3F5B508}.Debug|Any CPU.Build.0 = Debug|Any CPU
		{4C63AB16-D920-4112-B047-77EED3F5B508}.Release|Any CPU.ActiveCfg = Release|Any CPU
		{4C63AB16-D920-4112-B047-77EED3F5B508}.Release|Any CPU.Build.0 = Release|Any CPU
	EndGlobalSection
	GlobalSection(SolutionProperties) = preSolution
		HideSolutionNode = FALSE
	EndGlobalSection
	GlobalSection(ExtensibilityGlobals) = postSolution
		SolutionGuid = {F9B38FFE-8303-4B2B-A0D3-D058899A9E63}
	EndGlobalSection
EndGlobal
